
Microsoft Visual Studio Solution File, Format Version 12.00
# Visual Studio Version 16
VisualStudioVersion = 16.0.31410.357
MinimumVisualStudioVersion = 10.0.40219.1
Project("{9A19103F-16F7-4668-BE54-9A1E7A4F7556}") = "immersed.flight.planning.app", "immersed.flight.planning.app\immersed.flight.planning.app.csproj", "{286CD3B6-1013-4D8E-B5A6-767F04D76168}"
EndProject
Project("{9A19103F-16F7-4668-BE54-9A1E7A4F7556}") = "immersed.flight.planning.tests", "immersed.flight.planning.tests\immersed.flight.planning.tests.csproj", "{53CBAE14-6640-4F27-AD97-3A556CE9F592}"
EndProject
Project("{2150E333-8FDC-42A3-9474-1A3956D46DE8}") = "deploy", "deploy", "{EB610E93-15B0-46D4-88FE-E0DFE72277DB}"
	ProjectSection(SolutionItems) = preProject
		..\.dockerignore = ..\.dockerignore
		..\.gitignore = ..\.gitignore
		..\dockerfile = ..\dockerfile
		..\Jenkinsfile = ..\Jenkinsfile
		..\README.md = ..\README.md
	EndProjectSection
EndProject
Global
	GlobalSection(SolutionConfigurationPlatforms) = preSolution
		Debug|Any CPU = Debug|Any CPU
		Release|Any CPU = Release|Any CPU
	EndGlobalSection
	GlobalSection(ProjectConfigurationPlatforms) = postSolution
		{286CD3B6-1013-4D8E-B5A6-767F04D76168}.Debug|Any CPU.ActiveCfg = Debug|Any CPU
		{286CD3B6-1013-4D8E-B5A6-767F04D76168}.Debug|Any CPU.Build.0 = Debug|Any CPU
		{286CD3B6-1013-4D8E-B5A6-767F04D76168}.Release|Any CPU.ActiveCfg = Release|Any CPU
		{286CD3B6-1013-4D8E-B5A6-767F04D76168}.Release|Any CPU.Build.0 = Release|Any CPU
		{53CBAE14-6640-4F27-AD97-3A556CE9F592}.Debug|Any CPU.ActiveCfg = Debug|Any CPU
		{53CBAE14-6640-4F27-AD97-3A556CE9F592}.Debug|Any CPU.Build.0 = Debug|Any CPU
		{53CBAE14-6640-4F27-AD97-3A556CE9F592}.Release|Any CPU.ActiveCfg = Release|Any CPU
		{53CBAE14-6640-4F27-AD97-3A556CE9F592}.Release|Any CPU.Build.0 = Release|Any CPU
	EndGlobalSection
	GlobalSection(SolutionProperties) = preSolution
		HideSolutionNode = FALSE
	EndGlobalSection
	GlobalSection(ExtensibilityGlobals) = postSolution
		SolutionGuid = {41FD4A19-69DB-4EBB-BF9D-F355B6F24CFA}
	EndGlobalSection
EndGlobal
